
Microsoft Visual Studio Solution File, Format Version 12.00
# Visual Studio Version 17
VisualStudioVersion = 17.8.34330.188
MinimumVisualStudioVersion = 10.0.40219.1
Project("{FAE04EC0-301F-11D3-BF4B-00C04F79EFBC}") = "launcher", "launcher\launcher.csproj", "{78B298D9-D42E-4C52-94B2-4190ACB74870}"
EndProject
Global
	GlobalSection(SolutionConfigurationPlatforms) = preSolution
		Debug|Any CPU = Debug|Any CPU
		Release|Any CPU = Release|Any CPU
	EndGlobalSection
	GlobalSection(ProjectConfigurationPlatforms) = postSolution
		{78B298D9-D42E-4C52-94B2-4190ACB74870}.Debug|Any CPU.ActiveCfg = Debug|Any CPU
		{78B298D9-D42E-4C52-94B2-4190ACB74870}.Debug|Any CPU.Build.0 = Debug|Any CPU
		{78B298D9-D42E-4C52-94B2-4190ACB74870}.Release|Any CPU.ActiveCfg = Release|Any CPU
		{78B298D9-D42E-4C52-94B2-4190ACB74870}.Release|Any CPU.Build.0 = Release|Any CPU
	EndGlobalSection
	GlobalSection(SolutionProperties) = preSolution
		HideSolutionNode = FALSE
	EndGlobalSection
	GlobalSection(ExtensibilityGlobals) = postSolution
		SolutionGuid = {28FB5A0B-5D2E-45DE-8940-0F7CE3A5A8A6}
	EndGlobalSection
EndGlobal
